# This file is automatically @generated by Cargo.
# It is not intended for manual editing.
version = 3

[[package]]
name = "arrayvec"
version = "0.7.6"
source = "registry+https://github.com/rust-lang/crates.io-index"
checksum = "7c02d123df017efcdfbd739ef81735b36c5ba83ec3c59c80a9d7ecc718f92e50"

[[package]]
name = "base16"
version = "0.2.1"
source = "registry+https://github.com/rust-lang/crates.io-index"
checksum = "d27c3610c36aee21ce8ac510e6224498de4228ad772a171ed65643a24693a5a8"

[[package]]
name = "base32"
version = "0.5.1"
source = "registry+https://github.com/rust-lang/crates.io-index"
checksum = "022dfe9eb35f19ebbcb51e0b40a5ab759f46ad60cadf7297e0bd085afb50e076"

[[package]]
name = "base58ck"
version = "0.2.0"
source = "registry+https://github.com/rust-lang/crates.io-index"
checksum = "07e4d26096a7ff90260affbc43226e78340c0e4052237e52d19c40c6e6b04ae6"
dependencies = [
 "bitcoin-internals",
 "bitcoin_hashes",
]

[[package]]
name = "base64"
version = "0.13.1"
source = "registry+https://github.com/rust-lang/crates.io-index"
checksum = "9e1b586273c5702936fe7b7d6896644d8be71e6314cfe09d3167c95f712589e8"

[[package]]
name = "base64"
version = "0.22.1"
source = "registry+https://github.com/rust-lang/crates.io-index"
checksum = "72b3254f16251a8381aa12e40e3c4d2f0199f8c6508fbecb9d91f575e0fbb8c6"

[[package]]
name = "bitcoin-internals"
version = "0.4.0"
source = "registry+https://github.com/rust-lang/crates.io-index"
checksum = "2b854212e29b96c8f0fe04cab11d57586c8f3257de0d146c76cb3b42b3eb9118"

[[package]]
name = "bitcoin-io"
version = "0.2.0"
source = "registry+https://github.com/rust-lang/crates.io-index"
checksum = "26792cd2bf245069a1c5acb06aa7ad7abe1de69b507c90b490bca81e0665d0ee"
dependencies = [
 "bitcoin-internals",
]

[[package]]
name = "bitcoin_hashes"
version = "0.15.0"
source = "registry+https://github.com/rust-lang/crates.io-index"
checksum = "e0982261c82a50d89d1a411602afee0498b3e0debe3d36693f0c661352809639"
dependencies = [
 "bitcoin-io",
 "hex-conservative",
]

[[package]]
name = "encoding_sample"
version = "0.1.0"
dependencies = [
 "base16",
 "base32",
 "base58ck",
 "base64 0.13.1",
 "hex",
 "pem",
]

[[package]]
name = "hex"
version = "0.4.3"
source = "registry+https://github.com/rust-lang/crates.io-index"
checksum = "7f24254aa9a54b5c858eaee2f5bccdb46aaf0e486a595ed5fd8f86ba55232a70"

[[package]]
name = "hex-conservative"
version = "0.3.0"
source = "registry+https://github.com/rust-lang/crates.io-index"
checksum = "4afe881d0527571892c4034822e59bb10c6c991cce6abe8199b6f5cf10766f55"
dependencies = [
 "arrayvec",
]

[[package]]
name = "pem"
version = "3.0.4"
source = "registry+https://github.com/rust-lang/crates.io-index"
checksum = "8e459365e590736a54c3fa561947c84837534b8e9af6fc5bf781307e82658fae"
dependencies = [
 "base64 0.22.1",
 "serde",
]

[[package]]
name = "proc-macro2"
version = "1.0.93"
source = "registry+https://github.com/rust-lang/crates.io-index"
checksum = "60946a68e5f9d28b0dc1c21bb8a97ee7d018a8b322fa57838ba31cc878e22d99"
dependencies = [
 "unicode-ident",
]

[[package]]
name = "quote"
version = "1.0.38"
source = "registry+https://github.com/rust-lang/crates.io-index"
checksum = "0e4dccaaaf89514f546c693ddc140f729f958c247918a13380cccc6078391acc"
dependencies = [
 "proc-macro2",
]

[[package]]
name = "serde"
version = "1.0.217"
source = "registry+https://github.com/rust-lang/crates.io-index"
checksum = "02fc4265df13d6fa1d00ecff087228cc0a2b5f3c0e87e258d8b94a156e984c70"
dependencies = [
 "serde_derive",
]

[[package]]
name = "serde_derive"
version = "1.0.217"
source = "registry+https://github.com/rust-lang/crates.io-index"
checksum = "5a9bf7cf98d04a2b28aead066b7496853d4779c9cc183c440dbac457641e19a0"
dependencies = [
 "proc-macro2",
 "quote",
 "syn",
]

[[package]]
name = "syn"
version = "2.0.98"
source = "registry+https://github.com/rust-lang/crates.io-index"
checksum = "36147f1a48ae0ec2b5b3bc5b537d267457555a10dc06f3dbc8cb11ba3006d3b1"
dependencies = [
 "proc-macro2",
 "quote",
 "unicode-ident",
]

[[package]]
name = "unicode-ident"
version = "1.0.16"
source = "registry+https://github.com/rust-lang/crates.io-index"
checksum = "a210d160f08b701c8721ba1c726c11662f877ea6b7094007e1ca9a1041945034"
